// !$*UTF8*$!
{
	archiveVersion = 1;
	classes = {
	};
	objectVersion = 77;
	objects = {

/* Begin PBXBuildFile section */
		06119404FFF72BD34F525D74 /* rule.json in Resources */ = {isa = PBXBuildFile; fileRef = 341A307067548DD3C861C137 /* rule.json */; };
		079ADA24D717E9A4B7C0DE1A /* Motion.swift in Sources */ = {isa = PBXBuildFile; fileRef = CC9ABAF932C45378D9A51EB1 /* Motion.swift */; };
		0838E6F4B94A28BCB7E5870D /* Home.swift in Sources */ = {isa = PBXBuildFile; fileRef = 7ECAB4BEC7219BD2FE7B6DF8 /* Home.swift */; };
		0B80CABAE65A8AEA9DFAA3B0 /* RuleEditor.swift in Sources */ = {isa = PBXBuildFile; fileRef = 601FE2D91F1E4C287B28B915 /* RuleEditor.swift */; };
		1014689A9ED39A18BCF9CD06 /* Voice.swift in Sources */ = {isa = PBXBuildFile; fileRef = E9774A61A14E72CF37180810 /* Voice.swift */; };
		1A4845C7B3965BFAF1B1BB05 /* Decision.swift in Sources */ = {isa = PBXBuildFile; fileRef = 461AAC29A571034CD100B1F6 /* Decision.swift */; };
		1ECD29654D72BE57A4CBD93C /* grant.json in Resources */ = {isa = PBXBuildFile; fileRef = 9FC75673669DB63D1D565AD6 /* grant.json */; };
		1FB1A51BAA4441A9689D973C /* ProductSheet.swift in Sources */ = {isa = PBXBuildFile; fileRef = EDB1665E8379391B01B4C668 /* ProductSheet.swift */; };
		211C722E34BF5CD5BF6BCDE8 /* Bubble.swift in Sources */ = {isa = PBXBuildFile; fileRef = C505FE655A597E914113A48C /* Bubble.swift */; };
		22254A44218ED4D318B4DCD6 /* ListSheet.swift in Sources */ = {isa = PBXBuildFile; fileRef = 5CA999F0E4F1107AB9F2B438 /* ListSheet.swift */; };
		2391E97D9D4D6B70792CB48E /* HomeView.swift in Sources */ = {isa = PBXBuildFile; fileRef = C748AAD1C1085254E1F426F7 /* HomeView.swift */; };
		2743727C23114CD43BA2C867 /* StateCard.swift in Sources */ = {isa = PBXBuildFile; fileRef = 827AE823252883C5C1DA44E3 /* StateCard.swift */; };
		2DB72B2A89D6F4EDC5633695 /* Engine.swift in Sources */ = {isa = PBXBuildFile; fileRef = 06DE233A9339DC5D9DBBE6CD /* Engine.swift */; };
		2DE0B3BCCFBF3212E0ECCD7A /* Basket.swift in Sources */ = {isa = PBXBuildFile; fileRef = 9E5DD17B91B9DC009B8D7D2C /* Basket.swift */; };
		2EAA76FA814C1B7745FC0E41 /* MandateCard.swift in Sources */ = {isa = PBXBuildFile; fileRef = B134C0D0247EF8BD2C49D1E9 /* MandateCard.swift */; };
		32B4AB9DAC0F04CA0B11E7DC /* Ledger.swift in Sources */ = {isa = PBXBuildFile; fileRef = 981B1BE2871D2E690A76C5E0 /* Ledger.swift */; };
		38847C894E60C2D51CDA457C /* turn_escalate.json in Resources */ = {isa = PBXBuildFile; fileRef = C9736444AF6DBCB412CF4E12 /* turn_escalate.json */; };
		3EAC767A3A0BC126EDD8F50A /* Grant.swift in Sources */ = {isa = PBXBuildFile; fileRef = B1804A7D5CDED7A536CCFDDC /* Grant.swift */; };
		4006B205EFF7D78D15EB4657 /* addresses.json in Resources */ = {isa = PBXBuildFile; fileRef = 96063580324C426C48291527 /* addresses.json */; };
		431BB4DA3A4C1426BECA5AF1 /* home_clarify.json in Resources */ = {isa = PBXBuildFile; fileRef = ECD4E0E4BD022186DCF737C0 /* home_clarify.json */; };
		476F81A3B192453D8ECA466D /* Backdrop.swift in Sources */ = {isa = PBXBuildFile; fileRef = 1F3FB64D32E47048DB096422 /* Backdrop.swift */; };
		48F5D8818E08FBE4ACD83A38 /* Ripple.swift in Sources */ = {isa = PBXBuildFile; fileRef = 203B007F07FFB845384BD2D8 /* Ripple.swift */; };
		4FF67B0A13ED61609FC24BDC /* SurfaceTests.swift in Sources */ = {isa = PBXBuildFile; fileRef = D6A92729E59A6B4B7033BD67 /* SurfaceTests.swift */; };
		5CD221941ADE09A09DE469FF /* RuleSheet.swift in Sources */ = {isa = PBXBuildFile; fileRef = 0D9CCE3AA2DB88B63F3F5AE3 /* RuleSheet.swift */; };
		61E773A70F15F85EB79EB42F /* offers_category_blocked.json in Resources */ = {isa = PBXBuildFile; fileRef = 547E104CAEC12ADCF7194C89 /* offers_category_blocked.json */; };
		6BB820C35C8658CB9A22AE4C /* home_refused.json in Resources */ = {isa = PBXBuildFile; fileRef = 423CA0BC96E08241A6551777 /* home_refused.json */; };
		6C111F703FED2C9E53385103 /* home_preflight.json in Resources */ = {isa = PBXBuildFile; fileRef = 02B4E4527B89DF50412E2CFA /* home_preflight.json */; };
		6FA94D52184FABEF368C93F3 /* offers.json in Resources */ = {isa = PBXBuildFile; fileRef = 43F2DF620B35C624AAC1C692 /* offers.json */; };
		6FAC6DEBA73B5518D401A4E7 /* PayloadTests.swift in Sources */ = {isa = PBXBuildFile; fileRef = 1EF8722A4C7F67E1C3AF706A /* PayloadTests.swift */; };
		86FD83919307892288A71E14 /* AddressSheet.swift in Sources */ = {isa = PBXBuildFile; fileRef = 278C11735D563466BFE3313F /* AddressSheet.swift */; };
		91914D4C0A12FBCABFFF6CB5 /* ThreadView.swift in Sources */ = {isa = PBXBuildFile; fileRef = 475F8843619C3FBCD0806282 /* ThreadView.swift */; };
		98898CE6476F1EA995D75D42 /* home_paid.json in Resources */ = {isa = PBXBuildFile; fileRef = 3C85C718687F97BF21E8BF88 /* home_paid.json */; };
		9D05E8A565CBB7823A87B82A /* DecisionCard.swift in Sources */ = {isa = PBXBuildFile; fileRef = 309C0A10C6372B326D0D6D3F /* DecisionCard.swift */; };
		9E4163CA007B7EC3036FDF25 /* home_at_rest.json in Resources */ = {isa = PBXBuildFile; fileRef = 207DF571292C7E04D37A3559 /* home_at_rest.json */; };
		A076D5C01A07E48990CC13E9 /* decision_live.json in Resources */ = {isa = PBXBuildFile; fileRef = FFC7C64DB646CF41394D92D3 /* decision_live.json */; };
		A79301E7B1125A4DE4AD7FCC /* Rule.swift in Sources */ = {isa = PBXBuildFile; fileRef = 03F6B960853107890BB24D10 /* Rule.swift */; };
		A9B206E52ED4D6D94F33B200 /* ListDraftCard.swift in Sources */ = {isa = PBXBuildFile; fileRef = 331423EC6994EAC1430CE747 /* ListDraftCard.swift */; };
		ADE569289D879E5AE7AF9EE8 /* VoiceSession.swift in Sources */ = {isa = PBXBuildFile; fileRef = 08994E31838B4504D06AEDCB /* VoiceSession.swift */; };
		B3B11C6329DE668F17B3812A /* AmountTests.swift in Sources */ = {isa = PBXBuildFile; fileRef = 5E4EF06C1F8824F03E4A02D1 /* AmountTests.swift */; };
		B3CCBE7DE4AF8D06C7DF3D2D /* Surfaces.swift in Sources */ = {isa = PBXBuildFile; fileRef = E2FE80D8D802D5B02E2DF3C0 /* Surfaces.swift */; };
		B80B197A1F70F4625A02EC9D /* home_ruled.json in Resources */ = {isa = PBXBuildFile; fileRef = 4AE916CDA0C1513FDF5A4A2C /* home_ruled.json */; };
		B89B81EFC730E92C5C6317EA /* turn_deny.json in Resources */ = {isa = PBXBuildFile; fileRef = FBE069DC68F919F6052214CE /* turn_deny.json */; };
		B95039D4789807D646A239B5 /* grant_paid.json in Resources */ = {isa = PBXBuildFile; fileRef = C1E4561396BAE03400CEAA16 /* grant_paid.json */; };
		B996BA93AC5014410769CEA1 /* grant_checkout.json in Resources */ = {isa = PBXBuildFile; fileRef = 607154604E21A84A7DDFA83C /* grant_checkout.json */; };
		C66C9667FC1FB77471A33FD3 /* home_halted.json in Resources */ = {isa = PBXBuildFile; fileRef = 6FF36AF27E6CB981AD66A64A /* home_halted.json */; };
		C9175BE14C157761031F15B0 /* turn_prices.json in Resources */ = {isa = PBXBuildFile; fileRef = 4B4772911BE45B54FA37B34F /* turn_prices.json */; };
		C9671DE74FE29FC687F6F11C /* Assets.xcassets in Resources */ = {isa = PBXBuildFile; fileRef = B677F47A693CD3BE0ECAC7C3 /* Assets.xcassets */; };
		D05291B2448BC8E244EBCAC5 /* home_escalated.json in Resources */ = {isa = PBXBuildFile; fileRef = 1F5BED49AD60F2396890F5EF /* home_escalated.json */; };
		D1E861CE4594428BD4513065 /* ShoppingListCard.swift in Sources */ = {isa = PBXBuildFile; fileRef = B62812298D584BB58C041C20 /* ShoppingListCard.swift */; };
		D222A73E8EBC8BD9E6A3CA96 /* BasketSheet.swift in Sources */ = {isa = PBXBuildFile; fileRef = 26FCAD97A2F22D708729DFC4 /* BasketSheet.swift */; };
		D400D29C8D8E0A2DF378D6FB /* Tokens.swift in Sources */ = {isa = PBXBuildFile; fileRef = 6C88F6845192AEB050232DC9 /* Tokens.swift */; };
		D8F5CF89C17378CD0E7BE592 /* DeliveryAddress.swift in Sources */ = {isa = PBXBuildFile; fileRef = 3C858017986FE5EA163470CF /* DeliveryAddress.swift */; };
		E1F4E838FDCC3F49630592FB /* OffersCard.swift in Sources */ = {isa = PBXBuildFile; fileRef = 1EA33E9B6CFE9D623F014033 /* OffersCard.swift */; };
		E40BEC420A6AE7F0AC9A3D64 /* product.json in Resources */ = {isa = PBXBuildFile; fileRef = 604D1D9736A19B511A0F3FF3 /* product.json */; };
		E8E86BB782DE0D8604751804 /* AudioIO.swift in Sources */ = {isa = PBXBuildFile; fileRef = 4DA6E6C521E21C14C2113E65 /* AudioIO.swift */; };
		ED50CCCD43F56EF4482B05A2 /* BoundedMandateApp.swift in Sources */ = {isa = PBXBuildFile; fileRef = 483AA4A36F0EBA528FDE34FD /* BoundedMandateApp.swift */; };
		EFAA88FB0D1D1A3B856DC282 /* Product.swift in Sources */ = {isa = PBXBuildFile; fileRef = AB4FFE7DC44692541EF8FAFE /* Product.swift */; };
		F155755629AFC43B5F5C6386 /* home_grant_live.json in Resources */ = {isa = PBXBuildFile; fileRef = 5A0CB6B22ECC7C92AAF31047 /* home_grant_live.json */; };
		F48BA24A998CD6A92131DC57 /* list.json in Resources */ = {isa = PBXBuildFile; fileRef = 69F76D401D3789726BA2990F /* list.json */; };
		F810845A164E23127A8269B0 /* LedgerSheet.swift in Sources */ = {isa = PBXBuildFile; fileRef = BCDF39B1D222BAA0CA0D7F2B /* LedgerSheet.swift */; };
/* End PBXBuildFile section */

/* Begin PBXContainerItemProxy section */
		6E048CD1694BAABD4B87F95E /* PBXContainerItemProxy */ = {
			isa = PBXContainerItemProxy;
			containerPortal = A3EDDDCEA3F734C72FE61F2F /* Project object */;
			proxyType = 1;
			remoteGlobalIDString = 99F7C67A99E8BF86F11260C8;
			remoteInfo = BoundedMandate;
		};
		F4436C4F2B7D07838AFCFB5D /* PBXContainerItemProxy */ = {
			isa = PBXContainerItemProxy;
			containerPortal = A3EDDDCEA3F734C72FE61F2F /* Project object */;
			proxyType = 1;
			remoteGlobalIDString = 99F7C67A99E8BF86F11260C8;
			remoteInfo = BoundedMandate;
		};
/* End PBXContainerItemProxy section */

/* Begin PBXFileReference section */
		02B4E4527B89DF50412E2CFA /* home_preflight.json */ = {isa = PBXFileReference; lastKnownFileType = text.json; path = home_preflight.json; sourceTree = "<group>"; };
		03F6B960853107890BB24D10 /* Rule.swift */ = {isa = PBXFileReference; lastKnownFileType = sourcecode.swift; path = Rule.swift; sourceTree = "<group>"; };
		06DE233A9339DC5D9DBBE6CD /* Engine.swift */ = {isa = PBXFileReference; lastKnownFileType = sourcecode.swift; path = Engine.swift; sourceTree = "<group>"; };
		08994E31838B4504D06AEDCB /* VoiceSession.swift */ = {isa = PBXFileReference; lastKnownFileType = sourcecode.swift; path = VoiceSession.swift; sourceTree = "<group>"; };
		08DA025C289CC90DD2C59AB2 /* BoundedMandateUITests.xctest */ = {isa = PBXFileReference; includeInIndex = 0; lastKnownFileType = wrapper.cfbundle; path = BoundedMandateUITests.xctest; sourceTree = BUILT_PRODUCTS_DIR; };
		0D9CCE3AA2DB88B63F3F5AE3 /* RuleSheet.swift */ = {isa = PBXFileReference; lastKnownFileType = sourcecode.swift; path = RuleSheet.swift; sourceTree = "<group>"; };
		1EA33E9B6CFE9D623F014033 /* OffersCard.swift */ = {isa = PBXFileReference; lastKnownFileType = sourcecode.swift; path = OffersCard.swift; sourceTree = "<group>"; };
		1EF8722A4C7F67E1C3AF706A /* PayloadTests.swift */ = {isa = PBXFileReference; lastKnownFileType = sourcecode.swift; path = PayloadTests.swift; sourceTree = "<group>"; };
		1F3FB64D32E47048DB096422 /* Backdrop.swift */ = {isa = PBXFileReference; lastKnownFileType = sourcecode.swift; path = Backdrop.swift; sourceTree = "<group>"; };
		1F5BED49AD60F2396890F5EF /* home_escalated.json */ = {isa = PBXFileReference; lastKnownFileType = text.json; path = home_escalated.json; sourceTree = "<group>"; };
		203B007F07FFB845384BD2D8 /* Ripple.swift */ = {isa = PBXFileReference; lastKnownFileType = sourcecode.swift; path = Ripple.swift; sourceTree = "<group>"; };
		207DF571292C7E04D37A3559 /* home_at_rest.json */ = {isa = PBXFileReference; lastKnownFileType = text.json; path = home_at_rest.json; sourceTree = "<group>"; };
		26FCAD97A2F22D708729DFC4 /* BasketSheet.swift */ = {isa = PBXFileReference; lastKnownFileType = sourcecode.swift; path = BasketSheet.swift; sourceTree = "<group>"; };
		278C11735D563466BFE3313F /* AddressSheet.swift */ = {isa = PBXFileReference; lastKnownFileType = sourcecode.swift; path = AddressSheet.swift; sourceTree = "<group>"; };
		309C0A10C6372B326D0D6D3F /* DecisionCard.swift */ = {isa = PBXFileReference; lastKnownFileType = sourcecode.swift; path = DecisionCard.swift; sourceTree = "<group>"; };
		331423EC6994EAC1430CE747 /* ListDraftCard.swift */ = {isa = PBXFileReference; lastKnownFileType = sourcecode.swift; path = ListDraftCard.swift; sourceTree = "<group>"; };
		341A307067548DD3C861C137 /* rule.json */ = {isa = PBXFileReference; lastKnownFileType = text.json; path = rule.json; sourceTree = "<group>"; };
		3C858017986FE5EA163470CF /* DeliveryAddress.swift */ = {isa = PBXFileReference; lastKnownFileType = sourcecode.swift; path = DeliveryAddress.swift; sourceTree = "<group>"; };
		3C85C718687F97BF21E8BF88 /* home_paid.json */ = {isa = PBXFileReference; lastKnownFileType = text.json; path = home_paid.json; sourceTree = "<group>"; };
		423CA0BC96E08241A6551777 /* home_refused.json */ = {isa = PBXFileReference; lastKnownFileType = text.json; path = home_refused.json; sourceTree = "<group>"; };
		43F2DF620B35C624AAC1C692 /* offers.json */ = {isa = PBXFileReference; lastKnownFileType = text.json; path = offers.json; sourceTree = "<group>"; };
		461AAC29A571034CD100B1F6 /* Decision.swift */ = {isa = PBXFileReference; lastKnownFileType = sourcecode.swift; path = Decision.swift; sourceTree = "<group>"; };
		475F8843619C3FBCD0806282 /* ThreadView.swift */ = {isa = PBXFileReference; lastKnownFileType = sourcecode.swift; path = ThreadView.swift; sourceTree = "<group>"; };
		483AA4A36F0EBA528FDE34FD /* BoundedMandateApp.swift */ = {isa = PBXFileReference; lastKnownFileType = sourcecode.swift; path = BoundedMandateApp.swift; sourceTree = "<group>"; };
		4AE916CDA0C1513FDF5A4A2C /* home_ruled.json */ = {isa = PBXFileReference; lastKnownFileType = text.json; path = home_ruled.json; sourceTree = "<group>"; };
		4B4772911BE45B54FA37B34F /* turn_prices.json */ = {isa = PBXFileReference; lastKnownFileType = text.json; path = turn_prices.json; sourceTree = "<group>"; };
		4DA6E6C521E21C14C2113E65 /* AudioIO.swift */ = {isa = PBXFileReference; lastKnownFileType = sourcecode.swift; path = AudioIO.swift; sourceTree = "<group>"; };
		547E104CAEC12ADCF7194C89 /* offers_category_blocked.json */ = {isa = PBXFileReference; lastKnownFileType = text.json; path = offers_category_blocked.json; sourceTree = "<group>"; };
		5A0CB6B22ECC7C92AAF31047 /* home_grant_live.json */ = {isa = PBXFileReference; lastKnownFileType = text.json; path = home_grant_live.json; sourceTree = "<group>"; };
		5CA999F0E4F1107AB9F2B438 /* ListSheet.swift */ = {isa = PBXFileReference; lastKnownFileType = sourcecode.swift; path = ListSheet.swift; sourceTree = "<group>"; };
		5E4EF06C1F8824F03E4A02D1 /* AmountTests.swift */ = {isa = PBXFileReference; lastKnownFileType = sourcecode.swift; path = AmountTests.swift; sourceTree = "<group>"; };
		601FE2D91F1E4C287B28B915 /* RuleEditor.swift */ = {isa = PBXFileReference; lastKnownFileType = sourcecode.swift; path = RuleEditor.swift; sourceTree = "<group>"; };
		604D1D9736A19B511A0F3FF3 /* product.json */ = {isa = PBXFileReference; lastKnownFileType = text.json; path = product.json; sourceTree = "<group>"; };
		607154604E21A84A7DDFA83C /* grant_checkout.json */ = {isa = PBXFileReference; lastKnownFileType = text.json; path = grant_checkout.json; sourceTree = "<group>"; };
		65F3DEBE3C2F147F07F33CE0 /* BoundedMandateTests.xctest */ = {isa = PBXFileReference; includeInIndex = 0; lastKnownFileType = wrapper.cfbundle; path = BoundedMandateTests.xctest; sourceTree = BUILT_PRODUCTS_DIR; };
		69F76D401D3789726BA2990F /* list.json */ = {isa = PBXFileReference; lastKnownFileType = text.json; path = list.json; sourceTree = "<group>"; };
		6C88F6845192AEB050232DC9 /* Tokens.swift */ = {isa = PBXFileReference; lastKnownFileType = sourcecode.swift; path = Tokens.swift; sourceTree = "<group>"; };
		6FF36AF27E6CB981AD66A64A /* home_halted.json */ = {isa = PBXFileReference; lastKnownFileType = text.json; path = home_halted.json; sourceTree = "<group>"; };
		7ECAB4BEC7219BD2FE7B6DF8 /* Home.swift */ = {isa = PBXFileReference; lastKnownFileType = sourcecode.swift; path = Home.swift; sourceTree = "<group>"; };
		827AE823252883C5C1DA44E3 /* StateCard.swift */ = {isa = PBXFileReference; lastKnownFileType = sourcecode.swift; path = StateCard.swift; sourceTree = "<group>"; };
		96063580324C426C48291527 /* addresses.json */ = {isa = PBXFileReference; lastKnownFileType = text.json; path = addresses.json; sourceTree = "<group>"; };
		981B1BE2871D2E690A76C5E0 /* Ledger.swift */ = {isa = PBXFileReference; lastKnownFileType = sourcecode.swift; path = Ledger.swift; sourceTree = "<group>"; };
		9E5DD17B91B9DC009B8D7D2C /* Basket.swift */ = {isa = PBXFileReference; lastKnownFileType = sourcecode.swift; path = Basket.swift; sourceTree = "<group>"; };
		9FC75673669DB63D1D565AD6 /* grant.json */ = {isa = PBXFileReference; lastKnownFileType = text.json; path = grant.json; sourceTree = "<group>"; };
		AB4FFE7DC44692541EF8FAFE /* Product.swift */ = {isa = PBXFileReference; lastKnownFileType = sourcecode.swift; path = Product.swift; sourceTree = "<group>"; };
		B134C0D0247EF8BD2C49D1E9 /* MandateCard.swift */ = {isa = PBXFileReference; lastKnownFileType = sourcecode.swift; path = MandateCard.swift; sourceTree = "<group>"; };
		B1804A7D5CDED7A536CCFDDC /* Grant.swift */ = {isa = PBXFileReference; lastKnownFileType = sourcecode.swift; path = Grant.swift; sourceTree = "<group>"; };
		B62812298D584BB58C041C20 /* ShoppingListCard.swift */ = {isa = PBXFileReference; lastKnownFileType = sourcecode.swift; path = ShoppingListCard.swift; sourceTree = "<group>"; };
		B677F47A693CD3BE0ECAC7C3 /* Assets.xcassets */ = {isa = PBXFileReference; lastKnownFileType = folder.assetcatalog; path = Assets.xcassets; sourceTree = "<group>"; };
		BCDF39B1D222BAA0CA0D7F2B /* LedgerSheet.swift */ = {isa = PBXFileReference; lastKnownFileType = sourcecode.swift; path = LedgerSheet.swift; sourceTree = "<group>"; };
		BD126AE709CB4010EFDE7B52 /* BoundedMandate.app */ = {isa = PBXFileReference; includeInIndex = 0; lastKnownFileType = wrapper.application; path = BoundedMandate.app; sourceTree = BUILT_PRODUCTS_DIR; };
		C1E4561396BAE03400CEAA16 /* grant_paid.json */ = {isa = PBXFileReference; lastKnownFileType = text.json; path = grant_paid.json; sourceTree = "<group>"; };
		C505FE655A597E914113A48C /* Bubble.swift */ = {isa = PBXFileReference; lastKnownFileType = sourcecode.swift; path = Bubble.swift; sourceTree = "<group>"; };
		C748AAD1C1085254E1F426F7 /* HomeView.swift */ = {isa = PBXFileReference; lastKnownFileType = sourcecode.swift; path = HomeView.swift; sourceTree = "<group>"; };
		C9736444AF6DBCB412CF4E12 /* turn_escalate.json */ = {isa = PBXFileReference; lastKnownFileType = text.json; path = turn_escalate.json; sourceTree = "<group>"; };
		CC9ABAF932C45378D9A51EB1 /* Motion.swift */ = {isa = PBXFileReference; lastKnownFileType = sourcecode.swift; path = Motion.swift; sourceTree = "<group>"; };
		D6A92729E59A6B4B7033BD67 /* SurfaceTests.swift */ = {isa = PBXFileReference; lastKnownFileType = sourcecode.swift; path = SurfaceTests.swift; sourceTree = "<group>"; };
		E2FE80D8D802D5B02E2DF3C0 /* Surfaces.swift */ = {isa = PBXFileReference; lastKnownFileType = sourcecode.swift; path = Surfaces.swift; sourceTree = "<group>"; };
		E850AA83E9DF20D02B3CD3B9 /* Info.plist */ = {isa = PBXFileReference; lastKnownFileType = text.plist; path = Info.plist; sourceTree = "<group>"; };
		E9774A61A14E72CF37180810 /* Voice.swift */ = {isa = PBXFileReference; lastKnownFileType = sourcecode.swift; path = Voice.swift; sourceTree = "<group>"; };
		ECD4E0E4BD022186DCF737C0 /* home_clarify.json */ = {isa = PBXFileReference; lastKnownFileType = text.json; path = home_clarify.json; sourceTree = "<group>"; };
		EDB1665E8379391B01B4C668 /* ProductSheet.swift */ = {isa = PBXFileReference; lastKnownFileType = sourcecode.swift; path = ProductSheet.swift; sourceTree = "<group>"; };
		FBE069DC68F919F6052214CE /* turn_deny.json */ = {isa = PBXFileReference; lastKnownFileType = text.json; path = turn_deny.json; sourceTree = "<group>"; };
		FFC7C64DB646CF41394D92D3 /* decision_live.json */ = {isa = PBXFileReference; lastKnownFileType = text.json; path = decision_live.json; sourceTree = "<group>"; };
/* End PBXFileReference section */

/* Begin PBXGroup section */
		105B43BF4E577C3FC7DA34A4 /* BoundedMandate */ = {
			isa = PBXGroup;
			children = (
				B677F47A693CD3BE0ECAC7C3 /* Assets.xcassets */,
				483AA4A36F0EBA528FDE34FD /* BoundedMandateApp.swift */,
				E850AA83E9DF20D02B3CD3B9 /* Info.plist */,
				7FD92369C2054F4909789245 /* Models */,
				9928E8720ACDA61F82C98EB7 /* Net */,
				B19C5F412F1F1ACCF5ED8BCB /* Theme */,
				2E419D73A5602B0BFDDA0FC7 /* Views */,
			);
			path = BoundedMandate;
			sourceTree = "<group>";
		};
		2E419D73A5602B0BFDDA0FC7 /* Views */ = {
			isa = PBXGroup;
			children = (
				278C11735D563466BFE3313F /* AddressSheet.swift */,
				1F3FB64D32E47048DB096422 /* Backdrop.swift */,
				26FCAD97A2F22D708729DFC4 /* BasketSheet.swift */,
				C505FE655A597E914113A48C /* Bubble.swift */,
				309C0A10C6372B326D0D6D3F /* DecisionCard.swift */,
				C748AAD1C1085254E1F426F7 /* HomeView.swift */,
				BCDF39B1D222BAA0CA0D7F2B /* LedgerSheet.swift */,
				331423EC6994EAC1430CE747 /* ListDraftCard.swift */,
				5CA999F0E4F1107AB9F2B438 /* ListSheet.swift */,
				B134C0D0247EF8BD2C49D1E9 /* MandateCard.swift */,
				1EA33E9B6CFE9D623F014033 /* OffersCard.swift */,
				EDB1665E8379391B01B4C668 /* ProductSheet.swift */,
				203B007F07FFB845384BD2D8 /* Ripple.swift */,
				601FE2D91F1E4C287B28B915 /* RuleEditor.swift */,
				0D9CCE3AA2DB88B63F3F5AE3 /* RuleSheet.swift */,
				B62812298D584BB58C041C20 /* ShoppingListCard.swift */,
				827AE823252883C5C1DA44E3 /* StateCard.swift */,
				E2FE80D8D802D5B02E2DF3C0 /* Surfaces.swift */,
				475F8843619C3FBCD0806282 /* ThreadView.swift */,
			);
			path = Views;
			sourceTree = "<group>";
		};
		390CE886663227C299DA86E1 /* BoundedMandateTests */ = {
			isa = PBXGroup;
			children = (
				5E4EF06C1F8824F03E4A02D1 /* AmountTests.swift */,
				1EF8722A4C7F67E1C3AF706A /* PayloadTests.swift */,
				A782392F4478D7E6A5C7922E /* Payloads */,
			);
			path = BoundedMandateTests;
			sourceTree = "<group>";
		};
		7FD92369C2054F4909789245 /* Models */ = {
			isa = PBXGroup;
			children = (
				9E5DD17B91B9DC009B8D7D2C /* Basket.swift */,
				461AAC29A571034CD100B1F6 /* Decision.swift */,
				3C858017986FE5EA163470CF /* DeliveryAddress.swift */,
				B1804A7D5CDED7A536CCFDDC /* Grant.swift */,
				7ECAB4BEC7219BD2FE7B6DF8 /* Home.swift */,
				981B1BE2871D2E690A76C5E0 /* Ledger.swift */,
				AB4FFE7DC44692541EF8FAFE /* Product.swift */,
				03F6B960853107890BB24D10 /* Rule.swift */,
			);
			path = Models;
			sourceTree = "<group>";
		};
		9928E8720ACDA61F82C98EB7 /* Net */ = {
			isa = PBXGroup;
			children = (
				4DA6E6C521E21C14C2113E65 /* AudioIO.swift */,
				06DE233A9339DC5D9DBBE6CD /* Engine.swift */,
				E9774A61A14E72CF37180810 /* Voice.swift */,
				08994E31838B4504D06AEDCB /* VoiceSession.swift */,
			);
			path = Net;
			sourceTree = "<group>";
		};
		A782392F4478D7E6A5C7922E /* Payloads */ = {
			isa = PBXGroup;
			children = (
				96063580324C426C48291527 /* addresses.json */,
				FFC7C64DB646CF41394D92D3 /* decision_live.json */,
				607154604E21A84A7DDFA83C /* grant_checkout.json */,
				C1E4561396BAE03400CEAA16 /* grant_paid.json */,
				9FC75673669DB63D1D565AD6 /* grant.json */,
				207DF571292C7E04D37A3559 /* home_at_rest.json */,
				ECD4E0E4BD022186DCF737C0 /* home_clarify.json */,
				1F5BED49AD60F2396890F5EF /* home_escalated.json */,
				5A0CB6B22ECC7C92AAF31047 /* home_grant_live.json */,
				6FF36AF27E6CB981AD66A64A /* home_halted.json */,
				3C85C718687F97BF21E8BF88 /* home_paid.json */,
				02B4E4527B89DF50412E2CFA /* home_preflight.json */,
				423CA0BC96E08241A6551777 /* home_refused.json */,
				4AE916CDA0C1513FDF5A4A2C /* home_ruled.json */,
				69F76D401D3789726BA2990F /* list.json */,
				547E104CAEC12ADCF7194C89 /* offers_category_blocked.json */,
				43F2DF620B35C624AAC1C692 /* offers.json */,
				604D1D9736A19B511A0F3FF3 /* product.json */,
				341A307067548DD3C861C137 /* rule.json */,
				FBE069DC68F919F6052214CE /* turn_deny.json */,
				C9736444AF6DBCB412CF4E12 /* turn_escalate.json */,
				4B4772911BE45B54FA37B34F /* turn_prices.json */,
			);
			path = Payloads;
			sourceTree = "<group>";
		};
		B19C5F412F1F1ACCF5ED8BCB /* Theme */ = {
			isa = PBXGroup;
			children = (
				CC9ABAF932C45378D9A51EB1 /* Motion.swift */,
				6C88F6845192AEB050232DC9 /* Tokens.swift */,
			);
			path = Theme;
			sourceTree = "<group>";
		};
		D09999D95C7D1352C05D862C /* Products */ = {
			isa = PBXGroup;
			children = (
				BD126AE709CB4010EFDE7B52 /* BoundedMandate.app */,
				65F3DEBE3C2F147F07F33CE0 /* BoundedMandateTests.xctest */,
				08DA025C289CC90DD2C59AB2 /* BoundedMandateUITests.xctest */,
			);
			name = Products;
			sourceTree = "<group>";
		};
		DB47758C59947E8DC3220FC9 /* BoundedMandateUITests */ = {
			isa = PBXGroup;
			children = (
				D6A92729E59A6B4B7033BD67 /* SurfaceTests.swift */,
			);
			path = BoundedMandateUITests;
			sourceTree = "<group>";
		};
		FE5334381ACC52C0A9DD51C3 = {
			isa = PBXGroup;
			children = (
				105B43BF4E577C3FC7DA34A4 /* BoundedMandate */,
				390CE886663227C299DA86E1 /* BoundedMandateTests */,
				DB47758C59947E8DC3220FC9 /* BoundedMandateUITests */,
				D09999D95C7D1352C05D862C /* Products */,
			);
			sourceTree = "<group>";
		};
/* End PBXGroup section */

/* Begin PBXNativeTarget section */
		121F2B88B8BFCC8FDB26F088 /* BoundedMandateUITests */ = {
			isa = PBXNativeTarget;
			buildConfigurationList = 30CFACAD60CB43CB1391C07E /* Build configuration list for PBXNativeTarget "BoundedMandateUITests" */;
			buildPhases = (
				FD195A6DD62D8E97A7EF41DC /* Sources */,
			);
			buildRules = (
			);
			dependencies = (
				3FCE50EC5D79778396E96C6E /* PBXTargetDependency */,
			);
			name = BoundedMandateUITests;
			packageProductDependencies = (
			);
			productName = BoundedMandateUITests;
			productReference = 08DA025C289CC90DD2C59AB2 /* BoundedMandateUITests.xctest */;
			productType = "com.apple.product-type.bundle.ui-testing";
		};
		99F7C67A99E8BF86F11260C8 /* BoundedMandate */ = {
			isa = PBXNativeTarget;
			buildConfigurationList = 409718709EB02DCDCCE5CF12 /* Build configuration list for PBXNativeTarget "BoundedMandate" */;
			buildPhases = (
				1FCED185ACA14167F3337020 /* Sources */,
				8D31C405A6749DAB9E7BF9A0 /* Resources */,
			);
			buildRules = (
			);
			dependencies = (
			);
			name = BoundedMandate;
			packageProductDependencies = (
			);
			productName = BoundedMandate;
			productReference = BD126AE709CB4010EFDE7B52 /* BoundedMandate.app */;
			productType = "com.apple.product-type.application";
		};
		B12A9C150FF8E40ACC44F70E /* BoundedMandateTests */ = {
			isa = PBXNativeTarget;
			buildConfigurationList = 070861C0A70A61B2C7E19E87 /* Build configuration list for PBXNativeTarget "BoundedMandateTests" */;
			buildPhases = (
				C2A9FC878DD6D3DC8F469FE6 /* Sources */,
				949E572BDA1F40287483F443 /* Resources */,
			);
			buildRules = (
			);
			dependencies = (
				7AC04BD5C5D467170218B566 /* PBXTargetDependency */,
			);
			name = BoundedMandateTests;
			packageProductDependencies = (
			);
			productName = BoundedMandateTests;
			productReference = 65F3DEBE3C2F147F07F33CE0 /* BoundedMandateTests.xctest */;
			productType = "com.apple.product-type.bundle.unit-test";
		};
/* End PBXNativeTarget section */

/* Begin PBXProject section */
		A3EDDDCEA3F734C72FE61F2F /* Project object */ = {
			isa = PBXProject;
			attributes = {
				BuildIndependentTargetsInParallel = YES;
				LastUpgradeCheck = 1430;
				TargetAttributes = {
					121F2B88B8BFCC8FDB26F088 = {
						DevelopmentTeam = "";
						TestTargetID = 99F7C67A99E8BF86F11260C8;
					};
					99F7C67A99E8BF86F11260C8 = {
						DevelopmentTeam = "";
					};
					B12A9C150FF8E40ACC44F70E = {
						DevelopmentTeam = "";
					};
				};
			};
			buildConfigurationList = 5A17A3B17FB5B738FBA1CE6B /* Build configuration list for PBXProject "BoundedMandate" */;
			developmentRegion = en;
			hasScannedForEncodings = 0;
			knownRegions = (
				Base,
				en,
			);
			mainGroup = FE5334381ACC52C0A9DD51C3;
			minimizedProjectReferenceProxies = 1;
			preferredProjectObjectVersion = 77;
			productRefGroup = D09999D95C7D1352C05D862C /* Products */;
			projectDirPath = "";
			projectRoot = "";
			targets = (
				99F7C67A99E8BF86F11260C8 /* BoundedMandate */,
				B12A9C150FF8E40ACC44F70E /* BoundedMandateTests */,
				121F2B88B8BFCC8FDB26F088 /* BoundedMandateUITests */,
			);
		};
/* End PBXProject section */

/* Begin PBXResourcesBuildPhase section */
		8D31C405A6749DAB9E7BF9A0 /* Resources */ = {
			isa = PBXResourcesBuildPhase;
			buildActionMask = 2147483647;
			files = (
				C9671DE74FE29FC687F6F11C /* Assets.xcassets in Resources */,
			);
			runOnlyForDeploymentPostprocessing = 0;
		};
		949E572BDA1F40287483F443 /* Resources */ = {
			isa = PBXResourcesBuildPhase;
			buildActionMask = 2147483647;
			files = (
				4006B205EFF7D78D15EB4657 /* addresses.json in Resources */,
				A076D5C01A07E48990CC13E9 /* decision_live.json in Resources */,
				1ECD29654D72BE57A4CBD93C /* grant.json in Resources */,
				B996BA93AC5014410769CEA1 /* grant_checkout.json in Resources */,
				B95039D4789807D646A239B5 /* grant_paid.json in Resources */,
				9E4163CA007B7EC3036FDF25 /* home_at_rest.json in Resources */,
				431BB4DA3A4C1426BECA5AF1 /* home_clarify.json in Resources */,
				D05291B2448BC8E244EBCAC5 /* home_escalated.json in Resources */,
				F155755629AFC43B5F5C6386 /* home_grant_live.json in Resources */,
				C66C9667FC1FB77471A33FD3 /* home_halted.json in Resources */,
				98898CE6476F1EA995D75D42 /* home_paid.json in Resources */,
				6C111F703FED2C9E53385103 /* home_preflight.json in Resources */,
				6BB820C35C8658CB9A22AE4C /* home_refused.json in Resources */,
				B80B197A1F70F4625A02EC9D /* home_ruled.json in Resources */,
				F48BA24A998CD6A92131DC57 /* list.json in Resources */,
				6FA94D52184FABEF368C93F3 /* offers.json in Resources */,
				61E773A70F15F85EB79EB42F /* offers_category_blocked.json in Resources */,
				E40BEC420A6AE7F0AC9A3D64 /* product.json in Resources */,
				06119404FFF72BD34F525D74 /* rule.json in Resources */,
				B89B81EFC730E92C5C6317EA /* turn_deny.json in Resources */,
				38847C894E60C2D51CDA457C /* turn_escalate.json in Resources */,
				C9175BE14C157761031F15B0 /* turn_prices.json in Resources */,
			);
			runOnlyForDeploymentPostprocessing = 0;
		};
/* End PBXResourcesBuildPhase section */

/* Begin PBXSourcesBuildPhase section */
		1FCED185ACA14167F3337020 /* Sources */ = {
			isa = PBXSourcesBuildPhase;
			buildActionMask = 2147483647;
			files = (
				86FD83919307892288A71E14 /* AddressSheet.swift in Sources */,
				E8E86BB782DE0D8604751804 /* AudioIO.swift in Sources */,
				476F81A3B192453D8ECA466D /* Backdrop.swift in Sources */,
				2DE0B3BCCFBF3212E0ECCD7A /* Basket.swift in Sources */,
				D222A73E8EBC8BD9E6A3CA96 /* BasketSheet.swift in Sources */,
				ED50CCCD43F56EF4482B05A2 /* BoundedMandateApp.swift in Sources */,
				211C722E34BF5CD5BF6BCDE8 /* Bubble.swift in Sources */,
				1A4845C7B3965BFAF1B1BB05 /* Decision.swift in Sources */,
				9D05E8A565CBB7823A87B82A /* DecisionCard.swift in Sources */,
				D8F5CF89C17378CD0E7BE592 /* DeliveryAddress.swift in Sources */,
				2DB72B2A89D6F4EDC5633695 /* Engine.swift in Sources */,
				3EAC767A3A0BC126EDD8F50A /* Grant.swift in Sources */,
				0838E6F4B94A28BCB7E5870D /* Home.swift in Sources */,
				2391E97D9D4D6B70792CB48E /* HomeView.swift in Sources */,
				32B4AB9DAC0F04CA0B11E7DC /* Ledger.swift in Sources */,
				F810845A164E23127A8269B0 /* LedgerSheet.swift in Sources */,
				A9B206E52ED4D6D94F33B200 /* ListDraftCard.swift in Sources */,
				22254A44218ED4D318B4DCD6 /* ListSheet.swift in Sources */,
				2EAA76FA814C1B7745FC0E41 /* MandateCard.swift in Sources */,
				079ADA24D717E9A4B7C0DE1A /* Motion.swift in Sources */,
				E1F4E838FDCC3F49630592FB /* OffersCard.swift in Sources */,
				EFAA88FB0D1D1A3B856DC282 /* Product.swift in Sources */,
				1FB1A51BAA4441A9689D973C /* ProductSheet.swift in Sources */,
				48F5D8818E08FBE4ACD83A38 /* Ripple.swift in Sources */,
				A79301E7B1125A4DE4AD7FCC /* Rule.swift in Sources */,
				0B80CABAE65A8AEA9DFAA3B0 /* RuleEditor.swift in Sources */,
				5CD221941ADE09A09DE469FF /* RuleSheet.swift in Sources */,
				D1E861CE4594428BD4513065 /* ShoppingListCard.swift in Sources */,
				2743727C23114CD43BA2C867 /* StateCard.swift in Sources */,
				B3CCBE7DE4AF8D06C7DF3D2D /* Surfaces.swift in Sources */,
				91914D4C0A12FBCABFFF6CB5 /* ThreadView.swift in Sources */,
				D400D29C8D8E0A2DF378D6FB /* Tokens.swift in Sources */,
				1014689A9ED39A18BCF9CD06 /* Voice.swift in Sources */,
				ADE569289D879E5AE7AF9EE8 /* VoiceSession.swift in Sources */,
			);
			runOnlyForDeploymentPostprocessing = 0;
		};
		C2A9FC878DD6D3DC8F469FE6 /* Sources */ = {
			isa = PBXSourcesBuildPhase;
			buildActionMask = 2147483647;
			files = (
				B3B11C6329DE668F17B3812A /* AmountTests.swift in Sources */,
				6FAC6DEBA73B5518D401A4E7 /* PayloadTests.swift in Sources */,
			);
			runOnlyForDeploymentPostprocessing = 0;
		};
		FD195A6DD62D8E97A7EF41DC /* Sources */ = {
			isa = PBXSourcesBuildPhase;
			buildActionMask = 2147483647;
			files = (
				4FF67B0A13ED61609FC24BDC /* SurfaceTests.swift in Sources */,
			);
			runOnlyForDeploymentPostprocessing = 0;
		};
/* End PBXSourcesBuildPhase section */

/* Begin PBXTargetDependency section */
		3FCE50EC5D79778396E96C6E /* PBXTargetDependency */ = {
			isa = PBXTargetDependency;
			target = 99F7C67A99E8BF86F11260C8 /* BoundedMandate */;
			targetProxy = F4436C4F2B7D07838AFCFB5D /* PBXContainerItemProxy */;
		};
		7AC04BD5C5D467170218B566 /* PBXTargetDependency */ = {
			isa = PBXTargetDependency;
			target = 99F7C67A99E8BF86F11260C8 /* BoundedMandate */;
			targetProxy = 6E048CD1694BAABD4B87F95E /* PBXContainerItemProxy */;
		};
/* End PBXTargetDependency section */

/* Begin XCBuildConfiguration section */
		038BFEF8E8B2495EAA7FFD5F /* Release */ = {
			isa = XCBuildConfiguration;
			buildSettings = {
				ALWAYS_SEARCH_USER_PATHS = NO;
				CLANG_ANALYZER_NONNULL = YES;
				CLANG_ANALYZER_NUMBER_OBJECT_CONVERSION = YES_AGGRESSIVE;
				CLANG_CXX_LANGUAGE_STANDARD = "gnu++14";
				CLANG_CXX_LIBRARY = "libc++";
				CLANG_ENABLE_MODULES = YES;
				CLANG_ENABLE_OBJC_ARC = YES;
				CLANG_ENABLE_OBJC_WEAK = YES;
				CLANG_WARN_BLOCK_CAPTURE_AUTORELEASING = YES;
				CLANG_WARN_BOOL_CONVERSION = YES;
				CLANG_WARN_COMMA = YES;
				CLANG_WARN_CONSTANT_CONVERSION = YES;
				CLANG_WARN_DEPRECATED_OBJC_IMPLEMENTATIONS = YES;
				CLANG_WARN_DIRECT_OBJC_ISA_USAGE = YES_ERROR;
				CLANG_WARN_DOCUMENTATION_COMMENTS = YES;
				CLANG_WARN_EMPTY_BODY = YES;
				CLANG_WARN_ENUM_CONVERSION = YES;
				CLANG_WARN_INFINITE_RECURSION = YES;
				CLANG_WARN_INT_CONVERSION = YES;
				CLANG_WARN_NON_LITERAL_NULL_CONVERSION = YES;
				CLANG_WARN_OBJC_IMPLICIT_RETAIN_SELF = YES;
				CLANG_WARN_OBJC_LITERAL_CONVERSION = YES;
				CLANG_WARN_OBJC_ROOT_CLASS = YES_ERROR;
				CLANG_WARN_QUOTED_INCLUDE_IN_FRAMEWORK_HEADER = YES;
				CLANG_WARN_RANGE_LOOP_ANALYSIS = YES;
				CLANG_WARN_STRICT_PROTOTYPES = YES;
				CLANG_WARN_SUSPICIOUS_MOVE = YES;
				CLANG_WARN_UNGUARDED_AVAILABILITY = YES_AGGRESSIVE;
				CLANG_WARN_UNREACHABLE_CODE = YES;
				CLANG_WARN__DUPLICATE_METHOD_MATCH = YES;
				CODE_SIGNING_ALLOWED = NO;
				CODE_SIGNING_REQUIRED = NO;
				COPY_PHASE_STRIP = NO;
				DEBUG_INFORMATION_FORMAT = "dwarf-with-dsym";
				DEVELOPMENT_TEAM = "";
				ENABLE_NS_ASSERTIONS = NO;
				ENABLE_STRICT_OBJC_MSGSEND = YES;
				ENABLE_USER_SCRIPT_SANDBOXING = YES;
				GCC_C_LANGUAGE_STANDARD = gnu11;
				GCC_NO_COMMON_BLOCKS = YES;
				GCC_WARN_64_TO_32_BIT_CONVERSION = YES;
				GCC_WARN_ABOUT_RETURN_TYPE = YES_ERROR;
				GCC_WARN_UNDECLARED_SELECTOR = YES;
				GCC_WARN_UNINITIALIZED_AUTOS = YES_AGGRESSIVE;
				GCC_WARN_UNUSED_FUNCTION = YES;
				GCC_WARN_UNUSED_VARIABLE = YES;
				IPHONEOS_DEPLOYMENT_TARGET = 26.0;
				MTL_ENABLE_DEBUG_INFO = NO;
				MTL_FAST_MATH = YES;
				PRODUCT_NAME = "$(TARGET_NAME)";
				SDKROOT = iphoneos;
				SWIFT_COMPILATION_MODE = wholemodule;
				SWIFT_OPTIMIZATION_LEVEL = "-O";
				SWIFT_VERSION = 6.0;
			};
			name = Release;
		};
		0BB928874F5693F26985AB91 /* Release */ = {
			isa = XCBuildConfiguration;
			buildSettings = {
				ASSETCATALOG_COMPILER_APPICON_NAME = AppIcon;
				CODE_SIGN_IDENTITY = "iPhone Developer";
				GENERATE_INFOPLIST_FILE = NO;
				INFOPLIST_FILE = BoundedMandate/Info.plist;
				LD_RUNPATH_SEARCH_PATHS = (
					"$(inherited)",
					"@executable_path/Frameworks",
				);
				PRODUCT_BUNDLE_IDENTIFIER = dev.yasharma.boundedmandate;
				SDKROOT = iphoneos;
				TARGETED_DEVICE_FAMILY = 1;
			};
			name = Release;
		};
		24628ACA6E73A2645172C044 /* Debug */ = {
			isa = XCBuildConfiguration;
			buildSettings = {
				ASSETCATALOG_COMPILER_APPICON_NAME = AppIcon;
				CODE_SIGN_IDENTITY = "iPhone Developer";
				GENERATE_INFOPLIST_FILE = NO;
				INFOPLIST_FILE = BoundedMandate/Info.plist;
				LD_RUNPATH_SEARCH_PATHS = (
					"$(inherited)",
					"@executable_path/Frameworks",
				);
				PRODUCT_BUNDLE_IDENTIFIER = dev.yasharma.boundedmandate;
				SDKROOT = iphoneos;
				TARGETED_DEVICE_FAMILY = 1;
			};
			name = Debug;
		};
		600487B0F3CB11258D7A9607 /* Debug */ = {
			isa = XCBuildConfiguration;
			buildSettings = {
				BUNDLE_LOADER = "$(TEST_HOST)";
				GENERATE_INFOPLIST_FILE = YES;
				LD_RUNPATH_SEARCH_PATHS = (
					"$(inherited)",
					"@executable_path/Frameworks",
					"@loader_path/Frameworks",
				);
				PRODUCT_BUNDLE_IDENTIFIER = dev.yasharma.boundedmandate.tests;
				SDKROOT = iphoneos;
				TARGETED_DEVICE_FAMILY = "1,2";
				TEST_HOST = "$(BUILT_PRODUCTS_DIR)/BoundedMandate.app/BoundedMandate";
			};
			name = Debug;
		};
		9DA84B6555C6FF1B87153DD9 /* Release */ = {
			isa = XCBuildConfiguration;
			buildSettings = {
				BUNDLE_LOADER = "$(TEST_HOST)";
				GENERATE_INFOPLIST_FILE = YES;
				LD_RUNPATH_SEARCH_PATHS = (
					"$(inherited)",
					"@executable_path/Frameworks",
					"@loader_path/Frameworks",
				);
				PRODUCT_BUNDLE_IDENTIFIER = dev.yasharma.boundedmandate.tests;
				SDKROOT = iphoneos;
				TARGETED_DEVICE_FAMILY = "1,2";
				TEST_HOST = "$(BUILT_PRODUCTS_DIR)/BoundedMandate.app/BoundedMandate";
			};
			name = Release;
		};
		C14A2CA59A803C58CC5407E8 /* Debug */ = {
			isa = XCBuildConfiguration;
			buildSettings = {
				ALWAYS_SEARCH_USER_PATHS = NO;
				CLANG_ANALYZER_NONNULL = YES;
				CLANG_ANALYZER_NUMBER_OBJECT_CONVERSION = YES_AGGRESSIVE;
				CLANG_CXX_LANGUAGE_STANDARD = "gnu++14";
				CLANG_CXX_LIBRARY = "libc++";
				CLANG_ENABLE_MODULES = YES;
				CLANG_ENABLE_OBJC_ARC = YES;
				CLANG_ENABLE_OBJC_WEAK = YES;
				CLANG_WARN_BLOCK_CAPTURE_AUTORELEASING = YES;
				CLANG_WARN_BOOL_CONVERSION = YES;
				CLANG_WARN_COMMA = YES;
				CLANG_WARN_CONSTANT_CONVERSION = YES;
				CLANG_WARN_DEPRECATED_OBJC_IMPLEMENTATIONS = YES;
				CLANG_WARN_DIRECT_OBJC_ISA_USAGE = YES_ERROR;
				CLANG_WARN_DOCUMENTATION_COMMENTS = YES;
				CLANG_WARN_EMPTY_BODY = YES;
				CLANG_WARN_ENUM_CONVERSION = YES;
				CLANG_WARN_INFINITE_RECURSION = YES;
				CLANG_WARN_INT_CONVERSION = YES;
				CLANG_WARN_NON_LITERAL_NULL_CONVERSION = YES;
				CLANG_WARN_OBJC_IMPLICIT_RETAIN_SELF = YES;
				CLANG_WARN_OBJC_LITERAL_CONVERSION = YES;
				CLANG_WARN_OBJC_ROOT_CLASS = YES_ERROR;
				CLANG_WARN_QUOTED_INCLUDE_IN_FRAMEWORK_HEADER = YES;
				CLANG_WARN_RANGE_LOOP_ANALYSIS = YES;
				CLANG_WARN_STRICT_PROTOTYPES = YES;
				CLANG_WARN_SUSPICIOUS_MOVE = YES;
				CLANG_WARN_UNGUARDED_AVAILABILITY = YES_AGGRESSIVE;
				CLANG_WARN_UNREACHABLE_CODE = YES;
				CLANG_WARN__DUPLICATE_METHOD_MATCH = YES;
				CODE_SIGNING_ALLOWED = NO;
				CODE_SIGNING_REQUIRED = NO;
				COPY_PHASE_STRIP = NO;
				DEBUG_INFORMATION_FORMAT = dwarf;
				DEVELOPMENT_TEAM = "";
				ENABLE_STRICT_OBJC_MSGSEND = YES;
				ENABLE_TESTABILITY = YES;
				ENABLE_USER_SCRIPT_SANDBOXING = YES;
				GCC_C_LANGUAGE_STANDARD = gnu11;
				GCC_DYNAMIC_NO_PIC = NO;
				GCC_NO_COMMON_BLOCKS = YES;
				GCC_OPTIMIZATION_LEVEL = 0;
				GCC_PREPROCESSOR_DEFINITIONS = (
					"$(inherited)",
					"DEBUG=1",
				);
				GCC_WARN_64_TO_32_BIT_CONVERSION = YES;
				GCC_WARN_ABOUT_RETURN_TYPE = YES_ERROR;
				GCC_WARN_UNDECLARED_SELECTOR = YES;
				GCC_WARN_UNINITIALIZED_AUTOS = YES_AGGRESSIVE;
				GCC_WARN_UNUSED_FUNCTION = YES;
				GCC_WARN_UNUSED_VARIABLE = YES;
				IPHONEOS_DEPLOYMENT_TARGET = 26.0;
				MTL_ENABLE_DEBUG_INFO = INCLUDE_SOURCE;
				MTL_FAST_MATH = YES;
				ONLY_ACTIVE_ARCH = YES;
				PRODUCT_NAME = "$(TARGET_NAME)";
				SDKROOT = iphoneos;
				SWIFT_ACTIVE_COMPILATION_CONDITIONS = DEBUG;
				SWIFT_OPTIMIZATION_LEVEL = "-Onone";
				SWIFT_VERSION = 6.0;
			};
			name = Debug;
		};
		D3FA99BA861B0EEF1D73E59A /* Debug */ = {
			isa = XCBuildConfiguration;
			buildSettings = {
				BUNDLE_LOADER = "$(TEST_HOST)";
				GENERATE_INFOPLIST_FILE = YES;
				LD_RUNPATH_SEARCH_PATHS = (
					"$(inherited)",
					"@executable_path/Frameworks",
					"@loader_path/Frameworks",
				);
				PRODUCT_BUNDLE_IDENTIFIER = dev.yasharma.boundedmandate.uitests;
				SDKROOT = iphoneos;
				TARGETED_DEVICE_FAMILY = "1,2";
				TEST_TARGET_NAME = BoundedMandate;
			};
			name = Debug;
		};
		EAAE4E19047518108119E88A /* Release */ = {
			isa = XCBuildConfiguration;
			buildSettings = {
				BUNDLE_LOADER = "$(TEST_HOST)";
				GENERATE_INFOPLIST_FILE = YES;
				LD_RUNPATH_SEARCH_PATHS = (
					"$(inherited)",
					"@executable_path/Frameworks",
					"@loader_path/Frameworks",
				);
				PRODUCT_BUNDLE_IDENTIFIER = dev.yasharma.boundedmandate.uitests;
				SDKROOT = iphoneos;
				TARGETED_DEVICE_FAMILY = "1,2";
				TEST_TARGET_NAME = BoundedMandate;
			};
			name = Release;
		};
/* End XCBuildConfiguration section */

/* Begin XCConfigurationList section */
		070861C0A70A61B2C7E19E87 /* Build configuration list for PBXNativeTarget "BoundedMandateTests" */ = {
			isa = XCConfigurationList;
			buildConfigurations = (
				600487B0F3CB11258D7A9607 /* Debug */,
				9DA84B6555C6FF1B87153DD9 /* Release */,
			);
			defaultConfigurationIsVisible = 0;
			defaultConfigurationName = Debug;
		};
		30CFACAD60CB43CB1391C07E /* Build configuration list for PBXNativeTarget "BoundedMandateUITests" */ = {
			isa = XCConfigurationList;
			buildConfigurations = (
				D3FA99BA861B0EEF1D73E59A /* Debug */,
				EAAE4E19047518108119E88A /* Release */,
			);
			defaultConfigurationIsVisible = 0;
			defaultConfigurationName = Debug;
		};
		409718709EB02DCDCCE5CF12 /* Build configuration list for PBXNativeTarget "BoundedMandate" */ = {
			isa = XCConfigurationList;
			buildConfigurations = (
				24628ACA6E73A2645172C044 /* Debug */,
				0BB928874F5693F26985AB91 /* Release */,
			);
			defaultConfigurationIsVisible = 0;
			defaultConfigurationName = Debug;
		};
		5A17A3B17FB5B738FBA1CE6B /* Build configuration list for PBXProject "BoundedMandate" */ = {
			isa = XCConfigurationList;
			buildConfigurations = (
				C14A2CA59A803C58CC5407E8 /* Debug */,
				038BFEF8E8B2495EAA7FFD5F /* Release */,
			);
			defaultConfigurationIsVisible = 0;
			defaultConfigurationName = Debug;
		};
/* End XCConfigurationList section */
	};
	rootObject = A3EDDDCEA3F734C72FE61F2F /* Project object */;
}
